Microsoft Visual Studio Solution File, Format Version 12.00
# Visual Studio Version 16
VisualStudioVersion = 16.0.31903.59
MinimumVisualStudioVersion = 10.0.40219.1
Project("{9A19103F-16F7-4668-BE54-9A1E7A4F7556}") = "SharePointDb.Core", "src\SharePointDb.Core\SharePointDb.Core.csproj", "{06ECAC0B-0C7B-4DC1-A6EC-C2BF3124702C}"
EndProject
Project("{9A19103F-16F7-4668-BE54-9A1E7A4F7556}") = "SharePointDb.Sqlite", "src\SharePointDb.Sqlite\SharePointDb.Sqlite.csproj", "{1B3F5C78-914E-4EBB-9B47-AB2D1B2297B8}"
EndProject
Project("{9A19103F-16F7-4668-BE54-9A1E7A4F7556}") = "SharePointDb.Auth.WinForms", "src\SharePointDb.Auth.WinForms\SharePointDb.Auth.WinForms.csproj", "{2B6C3EAD-31D2-4A24-9D18-0FE21E99F433}"
EndProject
Project("{9A19103F-16F7-4668-BE54-9A1E7A4F7556}") = "SharePointDb.SharePoint", "src\SharePointDb.SharePoint\SharePointDb.SharePoint.csproj", "{8CFC3D80-1B47-4E0C-9A49-7E54D7A39370}"
EndProject
Project("{9A19103F-16F7-4668-BE54-9A1E7A4F7556}") = "SharePointDb.Sync", "src\SharePointDb.Sync\SharePointDb.Sync.csproj", "{4C4B890A-9B4B-4F1D-9E43-8A6BE77B925B}"
EndProject
Project("{9A19103F-16F7-4668-BE54-9A1E7A4F7556}") = "SharePointDb.Migration", "src\SharePointDb.Migration\SharePointDb.Migration.csproj", "{5B69BB3D-C6B9-4A0D-8B1F-46C7B951F6D2}"
EndProject
Project("{9A19103F-16F7-4668-BE54-9A1E7A4F7556}") = "SharePointDb.Sample", "src\SharePointDb.Sample\SharePointDb.Sample.csproj", "{8F6C7A6E-7B8E-4F4B-9C8F-3C2B3F5A9C6D}"
EndProject
Project("{9A19103F-16F7-4668-BE54-9A1E7A4F7556}") = "SharePointDb.Access", "src\SharePointDb.Access\SharePointDb.Access.csproj", "{D1D9F2C1-60B6-4A9F-9F6F-4C3B4CEB1C92}"
EndProject
Global
	GlobalSection(SolutionConfigurationPlatforms) = preSolution
		Debug|Any CPU = Debug|Any CPU
		Release|Any CPU = Release|Any CPU
	EndGlobalSection
	GlobalSection(ProjectConfigurationPlatforms) = postSolution
		{06ECAC0B-0C7B-4DC1-A6EC-C2BF3124702C}.Debug|Any CPU.ActiveCfg = Debug|Any CPU
		{06ECAC0B-0C7B-4DC1-A6EC-C2BF3124702C}.Debug|Any CPU.Build.0 = Debug|Any CPU
		{06ECAC0B-0C7B-4DC1-A6EC-C2BF3124702C}.Release|Any CPU.ActiveCfg = Release|Any CPU
		{06ECAC0B-0C7B-4DC1-A6EC-C2BF3124702C}.Release|Any CPU.Build.0 = Release|Any CPU
		{1B3F5C78-914E-4EBB-9B47-AB2D1B2297B8}.Debug|Any CPU.ActiveCfg = Debug|Any CPU
		{1B3F5C78-914E-4EBB-9B47-AB2D1B2297B8}.Debug|Any CPU.Build.0 = Debug|Any CPU
		{1B3F5C78-914E-4EBB-9B47-AB2D1B2297B8}.Release|Any CPU.ActiveCfg = Release|Any CPU
		{1B3F5C78-914E-4EBB-9B47-AB2D1B2297B8}.Release|Any CPU.Build.0 = Release|Any CPU
		{2B6C3EAD-31D2-4A24-9D18-0FE21E99F433}.Debug|Any CPU.ActiveCfg = Debug|Any CPU
		{2B6C3EAD-31D2-4A24-9D18-0FE21E99F433}.Debug|Any CPU.Build.0 = Debug|Any CPU
		{2B6C3EAD-31D2-4A24-9D18-0FE21E99F433}.Release|Any CPU.ActiveCfg = Release|Any CPU
		{2B6C3EAD-31D2-4A24-9D18-0FE21E99F433}.Release|Any CPU.Build.0 = Release|Any CPU
		{8CFC3D80-1B47-4E0C-9A49-7E54D7A39370}.Debug|Any CPU.ActiveCfg = Debug|Any CPU
		{8CFC3D80-1B47-4E0C-9A49-7E54D7A39370}.Debug|Any CPU.Build.0 = Debug|Any CPU
		{8CFC3D80-1B47-4E0C-9A49-7E54D7A39370}.Release|Any CPU.ActiveCfg = Release|Any CPU
		{8CFC3D80-1B47-4E0C-9A49-7E54D7A39370}.Release|Any CPU.Build.0 = Release|Any CPU
		{4C4B890A-9B4B-4F1D-9E43-8A6BE77B925B}.Debug|Any CPU.ActiveCfg = Debug|Any CPU
		{4C4B890A-9B4B-4F1D-9E43-8A6BE77B925B}.Debug|Any CPU.Build.0 = Debug|Any CPU
		{4C4B890A-9B4B-4F1D-9E43-8A6BE77B925B}.Release|Any CPU.ActiveCfg = Release|Any CPU
		{4C4B890A-9B4B-4F1D-9E43-8A6BE77B925B}.Release|Any CPU.Build.0 = Release|Any CPU
		{5B69BB3D-C6B9-4A0D-8B1F-46C7B951F6D2}.Debug|Any CPU.ActiveCfg = Debug|Any CPU
		{5B69BB3D-C6B9-4A0D-8B1F-46C7B951F6D2}.Debug|Any CPU.Build.0 = Debug|Any CPU
		{5B69BB3D-C6B9-4A0D-8B1F-46C7B951F6D2}.Release|Any CPU.ActiveCfg = Release|Any CPU
		{5B69BB3D-C6B9-4A0D-8B1F-46C7B951F6D2}.Release|Any CPU.Build.0 = Release|Any CPU
		{8F6C7A6E-7B8E-4F4B-9C8F-3C2B3F5A9C6D}.Debug|Any CPU.ActiveCfg = Debug|Any CPU
		{8F6C7A6E-7B8E-4F4B-9C8F-3C2B3F5A9C6D}.Debug|Any CPU.Build.0 = Debug|Any CPU
		{8F6C7A6E-7B8E-4F4B-9C8F-3C2B3F5A9C6D}.Release|Any CPU.ActiveCfg = Release|Any CPU
		{8F6C7A6E-7B8E-4F4B-9C8F-3C2B3F5A9C6D}.Release|Any CPU.Build.0 = Release|Any CPU
		{D1D9F2C1-60B6-4A9F-9F6F-4C3B4CEB1C92}.Debug|Any CPU.ActiveCfg = Debug|Any CPU
		{D1D9F2C1-60B6-4A9F-9F6F-4C3B4CEB1C92}.Debug|Any CPU.Build.0 = Debug|Any CPU
		{D1D9F2C1-60B6-4A9F-9F6F-4C3B4CEB1C92}.Release|Any CPU.ActiveCfg = Release|Any CPU
		{D1D9F2C1-60B6-4A9F-9F6F-4C3B4CEB1C92}.Release|Any CPU.Build.0 = Release|Any CPU
	EndGlobalSection
	GlobalSection(SolutionProperties) = preSolution
		HideSolutionNode = FALSE
	EndGlobalSection
EndGlobal
